
Microsoft Visual Studio Solution File, Format Version 12.00
# Visual Studio Version 16
VisualStudioVersion = 16.0.31729.503
MinimumVisualStudioVersion = 10.0.40219.1
Project("{9A19103F-16F7-4668-BE54-9A1E7A4F7556}") = "Test Razor", "Test Razor.csproj", "{696C367D-3E17-4354-A765-F59DF286F966}"
EndProject
Project("{9A19103F-16F7-4668-BE54-9A1E7A4F7556}") = "SiracTest", "..\SiracTest\SiracTest.csproj", "{A8E738CD-FA65-4085-8775-9A707FC6B8D7}"
EndProject
Global
	GlobalSection(SolutionConfigurationPlatforms) = preSolution
		Debug|Any CPU = Debug|Any CPU
		Release|Any CPU = Release|Any CPU
	EndGlobalSection
	GlobalSection(ProjectConfigurationPlatforms) = postSolution
		{696C367D-3E17-4354-A765-F59DF286F966}.Debug|Any CPU.ActiveCfg = Debug|Any CPU
		{696C367D-3E17-4354-A765-F59DF286F966}.Debug|Any CPU.Build.0 = Debug|Any CPU
		{696C367D-3E17-4354-A765-F59DF286F966}.Release|Any CPU.ActiveCfg = Release|Any CPU
		{696C367D-3E17-4354-A765-F59DF286F966}.Release|Any CPU.Build.0 = Release|Any CPU
		{A8E738CD-FA65-4085-8775-9A707FC6B8D7}.Debug|Any CPU.ActiveCfg = Debug|Any CPU
		{A8E738CD-FA65-4085-8775-9A707FC6B8D7}.Debug|Any CPU.Build.0 = Debug|Any CPU
		{A8E738CD-FA65-4085-8775-9A707FC6B8D7}.Release|Any CPU.ActiveCfg = Release|Any CPU
		{A8E738CD-FA65-4085-8775-9A707FC6B8D7}.Release|Any CPU.Build.0 = Release|Any CPU
	EndGlobalSection
	GlobalSection(SolutionProperties) = preSolution
		HideSolutionNode = FALSE
	EndGlobalSection
	GlobalSection(ExtensibilityGlobals) = postSolution
		SolutionGuid = {EB7D5F2D-E82D-4D55-B9FE-305008DA09FB}
	EndGlobalSection
EndGlobal
